
Microsoft Visual Studio Solution File, Format Version 12.00
# Visual Studio Version 16
VisualStudioVersion = 16.0.32630.194
MinimumVisualStudioVersion = 10.0.40219.1
Project("{9A19103F-16F7-4668-BE54-9A1E7A4F7556}") = "UserManagement", "UserManagement.csproj", "{A55ADB91-5C44-48FB-A1C8-81C3F99C16CD}"
EndProject
Global
	GlobalSection(SolutionConfigurationPlatforms) = preSolution
		Debug|Any CPU = Debug|Any CPU
		Release|Any CPU = Release|Any CPU
	EndGlobalSection
	GlobalSection(ProjectConfigurationPlatforms) = postSolution
		{A55ADB91-5C44-48FB-A1C8-81C3F99C16CD}.Debug|Any CPU.ActiveCfg = Debug|Any CPU
		{A55ADB91-5C44-48FB-A1C8-81C3F99C16CD}.Debug|Any CPU.Build.0 = Debug|Any CPU
		{A55ADB91-5C44-48FB-A1C8-81C3F99C16CD}.Release|Any CPU.ActiveCfg = Release|Any CPU
		{A55ADB91-5C44-48FB-A1C8-81C3F99C16CD}.Release|Any CPU.Build.0 = Release|Any CPU
	EndGlobalSection
	GlobalSection(SolutionProperties) = preSolution
		HideSolutionNode = FALSE
	EndGlobalSection
	GlobalSection(ExtensibilityGlobals) = postSolution
		SolutionGuid = {877AB8EC-0CF7-4EE9-B4C1-A687392F8E72}
	EndGlobalSection
EndGlobal
